{
  "name": "drv200",
  "version": "0.0.1",
  "lockfileVersion": 2,
  "requires": true,
  "packages": {
    "": {
      "name": "drv200",
      "version": "0.0.1",
      "dependencies": {
        "cryptography-utilities": "^0.0.2",
        "drv100": "^0.0.1"
      }
    },
    "node_modules/cryptography-utilities": {
      "version": "0.0.2",
      "resolved": "https://registry.npmjs.org/cryptography-utilities/-/cryptography-utilities-0.0.2.tgz",
      "integrity": "sha512-b/Yve2/VPK8NG96qDP3lSkwW5lo8lrhCK9ZSWcNu/NFmd/ncM9ODd7369kT7uwuxO3R5bc0jEC70vOsjj0t57w=="
    },
    "node_modules/drv100": {
      "version": "0.0.1",
      "resolved": "https://registry.npmjs.org/drv100/-/drv100-0.0.1.tgz",
      "integrity": "sha512-89qUOLV2Os5fzkrb1zduB8TOJH9OOldini7fiKyqbqDJq7gb56IKRGve1TPfmVZqUehRs3gSIE0huuNrsMCE0w=="
    }
  },
  "dependencies": {
    "cryptography-utilities": {
      "version": "0.0.2",
      "resolved": "https://registry.npmjs.org/cryptography-utilities/-/cryptography-utilities-0.0.2.tgz",
      "integrity": "sha512-b/Yve2/VPK8NG96qDP3lSkwW5lo8lrhCK9ZSWcNu/NFmd/ncM9ODd7369kT7uwuxO3R5bc0jEC70vOsjj0t57w=="
    },
    "drv100": {
      "version": "0.0.1",
      "resolved": "https://registry.npmjs.org/drv100/-/drv100-0.0.1.tgz",
      "integrity": "sha512-89qUOLV2Os5fzkrb1zduB8TOJH9OOldini7fiKyqbqDJq7gb56IKRGve1TPfmVZqUehRs3gSIE0huuNrsMCE0w=="
    }
  }
}
